
Microsoft Visual Studio Solution File, Format Version 12.00
# Visual Studio Version 17
VisualStudioVersion = 17.1.32210.238
MinimumVisualStudioVersion = 10.0.40219.1
Project("{FAE04EC0-301F-11D3-BF4B-00C04F79EFBC}") = "ASP.NET.MVC_VideoRental_App", "ASP.NET.MVC_VideoRental_App\ASP.NET.MVC_VideoRental_App.csproj", "{35146F45-71F0-482C-AB70-74C33300A18C}"
EndProject
Global
	GlobalSection(SolutionConfigurationPlatforms) = preSolution
		Debug|Any CPU = Debug|Any CPU
		Release|Any CPU = Release|Any CPU
	EndGlobalSection
	GlobalSection(ProjectConfigurationPlatforms) = postSolution
		{35146F45-71F0-482C-AB70-74C33300A18C}.Debug|Any CPU.ActiveCfg = Debug|Any CPU
		{35146F45-71F0-482C-AB70-74C33300A18C}.Debug|Any CPU.Build.0 = Debug|Any CPU
		{35146F45-71F0-482C-AB70-74C33300A18C}.Release|Any CPU.ActiveCfg = Release|Any CPU
		{35146F45-71F0-482C-AB70-74C33300A18C}.Release|Any CPU.Build.0 = Release|Any CPU
	EndGlobalSection
	GlobalSection(SolutionProperties) = preSolution
		HideSolutionNode = FALSE
	EndGlobalSection
	GlobalSection(ExtensibilityGlobals) = postSolution
		SolutionGuid = {4936B038-48C8-42AB-B489-5658AB4759D7}
	EndGlobalSection
EndGlobal
